
Microsoft Visual Studio Solution File, Format Version 12.00
# Visual Studio Version 17
VisualStudioVersion = 17.7.34003.232
MinimumVisualStudioVersion = 10.0.40219.1
Project("{FAE04EC0-301F-11D3-BF4B-00C04F79EFBC}") = "TeacherAPI", "TeacherAPI\TeacherAPI.csproj", "{DCA76AF0-15B0-412B-B8FF-05701FDAD949}"
EndProject
Project("{FAE04EC0-301F-11D3-BF4B-00C04F79EFBC}") = "StudentAPI", "StudentAPI\StudentAPI.csproj", "{137D1D3D-3CD9-4D59-BF0A-FAEBF5A71346}"
EndProject
Project("{FAE04EC0-301F-11D3-BF4B-00C04F79EFBC}") = "SystemClient", "SystemClient\SystemClient.csproj", "{B9A9919B-4EB7-4972-9FFD-4465F7D68AB5}"
EndProject
Project("{FAE04EC0-301F-11D3-BF4B-00C04F79EFBC}") = "Util", "Util\Util.csproj", "{10AB465D-06B0-41E5-AF8B-D58F37787A01}"
EndProject
Global
	GlobalSection(SolutionConfigurationPlatforms) = preSolution
		Debug|Any CPU = Debug|Any CPU
		Release|Any CPU = Release|Any CPU
	EndGlobalSection
	GlobalSection(ProjectConfigurationPlatforms) = postSolution
		{DCA76AF0-15B0-412B-B8FF-05701FDAD949}.Debug|Any CPU.ActiveCfg = Debug|Any CPU
		{DCA76AF0-15B0-412B-B8FF-05701FDAD949}.Debug|Any CPU.Build.0 = Debug|Any CPU
		{DCA76AF0-15B0-412B-B8FF-05701FDAD949}.Release|Any CPU.ActiveCfg = Release|Any CPU
		{DCA76AF0-15B0-412B-B8FF-05701FDAD949}.Release|Any CPU.Build.0 = Release|Any CPU
		{137D1D3D-3CD9-4D59-BF0A-FAEBF5A71346}.Debug|Any CPU.ActiveCfg = Debug|Any CPU
		{137D1D3D-3CD9-4D59-BF0A-FAEBF5A71346}.Debug|Any CPU.Build.0 = Debug|Any CPU
		{137D1D3D-3CD9-4D59-BF0A-FAEBF5A71346}.Release|Any CPU.ActiveCfg = Release|Any CPU
		{137D1D3D-3CD9-4D59-BF0A-FAEBF5A71346}.Release|Any CPU.Build.0 = Release|Any CPU
		{B9A9919B-4EB7-4972-9FFD-4465F7D68AB5}.Debug|Any CPU.ActiveCfg = Debug|Any CPU
		{B9A9919B-4EB7-4972-9FFD-4465F7D68AB5}.Debug|Any CPU.Build.0 = Debug|Any CPU
		{B9A9919B-4EB7-4972-9FFD-4465F7D68AB5}.Release|Any CPU.ActiveCfg = Release|Any CPU
		{B9A9919B-4EB7-4972-9FFD-4465F7D68AB5}.Release|Any CPU.Build.0 = Release|Any CPU
		{10AB465D-06B0-41E5-AF8B-D58F37787A01}.Debug|Any CPU.ActiveCfg = Debug|Any CPU
		{10AB465D-06B0-41E5-AF8B-D58F37787A01}.Debug|Any CPU.Build.0 = Debug|Any CPU
		{10AB465D-06B0-41E5-AF8B-D58F37787A01}.Release|Any CPU.ActiveCfg = Release|Any CPU
		{10AB465D-06B0-41E5-AF8B-D58F37787A01}.Release|Any CPU.Build.0 = Release|Any CPU
	EndGlobalSection
	GlobalSection(SolutionProperties) = preSolution
		HideSolutionNode = FALSE
	EndGlobalSection
	GlobalSection(ExtensibilityGlobals) = postSolution
		SolutionGuid = {C4ECAD85-5337-437C-A77A-BC7CA2D3E64B}
	EndGlobalSection
EndGlobal
